
Microsoft Visual Studio Solution File, Format Version 12.00
# Visual Studio Version 17
VisualStudioVersion = 17.9.34723.18
MinimumVisualStudioVersion = 10.0.40219.1
Project("{FAE04EC0-301F-11D3-BF4B-00C04F79EFBC}") = "Poo.RepoTest", "Poo.RepoTest\Poo.RepoTest.csproj", "{89BCBA87-0D89-4556-BC60-0F465706C772}"
EndProject
Global
	GlobalSection(SolutionConfigurationPlatforms) = preSolution
		Debug|Any CPU = Debug|Any CPU
		Release|Any CPU = Release|Any CPU
	EndGlobalSection
	GlobalSection(ProjectConfigurationPlatforms) = postSolution
		{89BCBA87-0D89-4556-BC60-0F465706C772}.Debug|Any CPU.ActiveCfg = Debug|Any CPU
		{89BCBA87-0D89-4556-BC60-0F465706C772}.Debug|Any CPU.Build.0 = Debug|Any CPU
		{89BCBA87-0D89-4556-BC60-0F465706C772}.Release|Any CPU.ActiveCfg = Release|Any CPU
		{89BCBA87-0D89-4556-BC60-0F465706C772}.Release|Any CPU.Build.0 = Release|Any CPU
	EndGlobalSection
	GlobalSection(SolutionProperties) = preSolution
		HideSolutionNode = FALSE
	EndGlobalSection
	GlobalSection(ExtensibilityGlobals) = postSolution
		SolutionGuid = {C639582F-9819-40D2-9E1A-288FE306B68D}
	EndGlobalSection
EndGlobal
