
Microsoft Visual Studio Solution File, Format Version 12.00
# Visual Studio Version 17
VisualStudioVersion = 17.9.34723.18
MinimumVisualStudioVersion = 10.0.40219.1
Project("{FAE04EC0-301F-11D3-BF4B-00C04F79EFBC}") = "Poo.TP5", "Poo.TP5\Poo.TP5.csproj", "{AB6786AD-1CBC-4F40-94D2-C5DA811AE58F}"
EndProject
Global
	GlobalSection(SolutionConfigurationPlatforms) = preSolution
		Debug|Any CPU = Debug|Any CPU
		Release|Any CPU = Release|Any CPU
	EndGlobalSection
	GlobalSection(ProjectConfigurationPlatforms) = postSolution
		{AB6786AD-1CBC-4F40-94D2-C5DA811AE58F}.Debug|Any CPU.ActiveCfg = Debug|Any CPU
		{AB6786AD-1CBC-4F40-94D2-C5DA811AE58F}.Debug|Any CPU.Build.0 = Debug|Any CPU
		{AB6786AD-1CBC-4F40-94D2-C5DA811AE58F}.Release|Any CPU.ActiveCfg = Release|Any CPU
		{AB6786AD-1CBC-4F40-94D2-C5DA811AE58F}.Release|Any CPU.Build.0 = Release|Any CPU
	EndGlobalSection
	GlobalSection(SolutionProperties) = preSolution
		HideSolutionNode = FALSE
	EndGlobalSection
	GlobalSection(ExtensibilityGlobals) = postSolution
		SolutionGuid = {9CAC79CF-823C-4700-9DC8-AFEAB508231D}
	EndGlobalSection
EndGlobal
